
Microsoft Visual Studio Solution File, Format Version 12.00
# Visual Studio Version 16
VisualStudioVersion = 16.0.30413.136
MinimumVisualStudioVersion = 10.0.40219.1
Project("{8BC9CEB8-8B4A-11D0-8D11-00A0C91BC942}") = "ЛБ5", "ЛБ5\ЛБ5.vcxproj", "{976957AD-214F-4098-B929-29464167664F}"
EndProject
Global
	GlobalSection(SolutionConfigurationPlatforms) = preSolution
		Debug|x64 = Debug|x64
		Debug|x86 = Debug|x86
		Release|x64 = Release|x64
		Release|x86 = Release|x86
	EndGlobalSection
	GlobalSection(ProjectConfigurationPlatforms) = postSolution
		{976957AD-214F-4098-B929-29464167664F}.Debug|x64.ActiveCfg = Debug|x64
		{976957AD-214F-4098-B929-29464167664F}.Debug|x64.Build.0 = Debug|x64
		{976957AD-214F-4098-B929-29464167664F}.Debug|x86.ActiveCfg = Debug|Win32
		{976957AD-214F-4098-B929-29464167664F}.Debug|x86.Build.0 = Debug|Win32
		{976957AD-214F-4098-B929-29464167664F}.Release|x64.ActiveCfg = Release|x64
		{976957AD-214F-4098-B929-29464167664F}.Release|x64.Build.0 = Release|x64
		{976957AD-214F-4098-B929-29464167664F}.Release|x86.ActiveCfg = Release|Win32
		{976957AD-214F-4098-B929-29464167664F}.Release|x86.Build.0 = Release|Win32
	EndGlobalSection
	GlobalSection(SolutionProperties) = preSolution
		HideSolutionNode = FALSE
	EndGlobalSection
	GlobalSection(ExtensibilityGlobals) = postSolution
		SolutionGuid = {416E6294-E9E2-46CA-80DC-09AE9BC7AE77}
	EndGlobalSection
EndGlobal
